// !$*UTF8*$!
{
   archiveVersion = "1";
   objectVersion = "46";
   objects = {
      "Mockingjay::Mockingjay" = {
         isa = "PBXNativeTarget";
         buildConfigurationList = "OBJ_42";
         buildPhases = (
            "OBJ_45",
            "OBJ_51"
         );
         dependencies = (
            "OBJ_53"
         );
         name = "Mockingjay";
         productName = "Mockingjay";
         productReference = "Mockingjay::Mockingjay::Product";
         productType = "com.apple.product-type.framework";
      };
      "Mockingjay::Mockingjay::Product" = {
         isa = "PBXFileReference";
         path = "Mockingjay.framework";
         sourceTree = "BUILT_PRODUCTS_DIR";
      };
      "Mockingjay::MockingjayPackageTests::ProductTarget" = {
         isa = "PBXAggregateTarget";
         buildConfigurationList = "OBJ_62";
         buildPhases = (
         );
         dependencies = (
            "OBJ_65"
         );
         name = "MockingjayPackageTests";
         productName = "MockingjayPackageTests";
      };
      "Mockingjay::MockingjayTests" = {
         isa = "PBXNativeTarget";
         buildConfigurationList = "OBJ_67";
         buildPhases = (
            "OBJ_70",
            "OBJ_77"
         );
         dependencies = (
            "OBJ_81",
            "OBJ_83",
            "OBJ_84"
         );
         name = "MockingjayTests";
         productName = "MockingjayTests";
         productReference = "Mockingjay::MockingjayTests::Product";
         productType = "com.apple.product-type.bundle.unit-test";
      };
      "Mockingjay::MockingjayTests::Product" = {
         isa = "PBXFileReference";
         path = "MockingjayTests.xctest";
         sourceTree = "BUILT_PRODUCTS_DIR";
      };
      "Mockingjay::MockingjayXCTest" = {
         isa = "PBXNativeTarget";
         buildConfigurationList = "OBJ_85";
         buildPhases = (
            "OBJ_88",
            "OBJ_90"
         );
         dependencies = (
            "OBJ_93",
            "OBJ_94"
         );
         name = "MockingjayXCTest";
         productName = "MockingjayXCTest";
         productReference = "Mockingjay::MockingjayXCTest::Product";
         productType = "com.apple.product-type.framework";
      };
      "Mockingjay::MockingjayXCTest::Product" = {
         isa = "PBXFileReference";
         path = "MockingjayXCTest.framework";
         sourceTree = "BUILT_PRODUCTS_DIR";
      };
      "Mockingjay::SwiftPMPackageDescription" = {
         isa = "PBXNativeTarget";
         buildConfigurationList = "OBJ_56";
         buildPhases = (
            "OBJ_59"
         );
         dependencies = (
         );
         name = "MockingjayPackageDescription";
         productName = "MockingjayPackageDescription";
         productType = "com.apple.product-type.framework";
      };
      "OBJ_1" = {
         isa = "PBXProject";
         attributes = {
            LastSwiftMigration = "9999";
            LastUpgradeCheck = "9999";
         };
         buildConfigurationList = "OBJ_2";
         compatibilityVersion = "Xcode 3.2";
         developmentRegion = "en";
         hasScannedForEncodings = "0";
         knownRegions = (
            "en"
         );
         mainGroup = "OBJ_5";
         productRefGroup = "OBJ_30";
         projectDirPath = ".";
         targets = (
            "Mockingjay::Mockingjay",
            "Mockingjay::SwiftPMPackageDescription",
            "Mockingjay::MockingjayPackageTests::ProductTarget",
            "Mockingjay::MockingjayTests",
            "Mockingjay::MockingjayXCTest",
            "URITemplate::URITemplate",
            "URITemplate::SwiftPMPackageDescription"
         );
      };
      "OBJ_10" = {
         isa = "PBXFileReference";
         path = "Builders.swift";
         sourceTree = "<group>";
      };
      "OBJ_100" = {
         isa = "PBXFrameworksBuildPhase";
         files = (
         );
      };
      "OBJ_102" = {
         isa = "XCConfigurationList";
         buildConfigurations = (
            "OBJ_103",
            "OBJ_104"
         );
         defaultConfigurationIsVisible = "0";
         defaultConfigurationName = "Release";
      };
      "OBJ_103" = {
         isa = "XCBuildConfiguration";
         buildSettings = {
            LD = "/usr/bin/true";
            OTHER_SWIFT_FLAGS = (
               "-swift-version",
               "5",
               "-I",
               "$(TOOLCHAIN_DIR)/usr/lib/swift/pm/4_2",
               "-target",
               "x86_64-apple-macosx10.10",
               "-sdk",
               "/Applications/Xcode.app/Contents/Developer/Platforms/MacOSX.platform/Developer/SDKs/MacOSX10.15.sdk",
               "-package-description-version",
               "5"
            );
            SWIFT_VERSION = "5.0";
         };
         name = "Debug";
      };
      "OBJ_104" = {
         isa = "XCBuildConfiguration";
         buildSettings = {
            LD = "/usr/bin/true";
            OTHER_SWIFT_FLAGS = (
               "-swift-version",
               "5",
               "-I",
               "$(TOOLCHAIN_DIR)/usr/lib/swift/pm/4_2",
               "-target",
               "x86_64-apple-macosx10.10",
               "-sdk",
               "/Applications/Xcode.app/Contents/Developer/Platforms/MacOSX.platform/Developer/SDKs/MacOSX10.15.sdk",
               "-package-description-version",
               "5"
            );
            SWIFT_VERSION = "5.0";
         };
         name = "Release";
      };
      "OBJ_105" = {
         isa = "PBXSourcesBuildPhase";
         files = (
            "OBJ_106"
         );
      };
      "OBJ_106" = {
         isa = "PBXBuildFile";
         fileRef = "OBJ_28";
      };
      "OBJ_11" = {
         isa = "PBXFileReference";
         path = "Matchers.swift";
         sourceTree = "<group>";
      };
      "OBJ_12" = {
         isa = "PBXFileReference";
         path = "Mockingjay.swift";
         sourceTree = "<group>";
      };
      "OBJ_13" = {
         isa = "PBXFileReference";
         path = "MockingjayProtocol.swift";
         sourceTree = "<group>";
      };
      "OBJ_14" = {
         isa = "PBXFileReference";
         path = "NSURLSessionConfiguration.swift";
         sourceTree = "<group>";
      };
      "OBJ_15" = {
         isa = "PBXGroup";
         children = (
            "OBJ_16"
         );
         name = "MockingjayXCTest";
         path = "Sources/XCTest";
         sourceTree = "SOURCE_ROOT";
      };
      "OBJ_16" = {
         isa = "PBXFileReference";
         path = "XCTest.swift";
         sourceTree = "<group>";
      };
      "OBJ_17" = {
         isa = "PBXGroup";
         children = (
            "OBJ_18"
         );
         name = "Tests";
         path = "";
         sourceTree = "SOURCE_ROOT";
      };
      "OBJ_18" = {
         isa = "PBXGroup";
         children = (
            "OBJ_19",
            "OBJ_20",
            "OBJ_21",
            "OBJ_22",
            "OBJ_23",
            "OBJ_24",
            "OBJ_25"
         );
         name = "MockingjayTests";
         path = "Tests/MockingjayTests";
         sourceTree = "SOURCE_ROOT";
      };
      "OBJ_19" = {
         isa = "PBXFileReference";
         path = "Info.plist";
         sourceTree = "<group>";
      };
      "OBJ_2" = {
         isa = "XCConfigurationList";
         buildConfigurations = (
            "OBJ_3",
            "OBJ_4"
         );
         defaultConfigurationIsVisible = "0";
         defaultConfigurationName = "Release";
      };
      "OBJ_20" = {
         isa = "PBXFileReference";
         path = "BuildersTests.swift";
         sourceTree = "<group>";
      };
      "OBJ_21" = {
         isa = "PBXFileReference";
         path = "MatcherTests.swift";
         sourceTree = "<group>";
      };
      "OBJ_22" = {
         isa = "PBXFileReference";
         path = "MockingjayAsyncProtocolTests.swift";
         sourceTree = "<group>";
      };
      "OBJ_23" = {
         isa = "PBXFileReference";
         path = "MockingjayProtocolTests.swift";
         sourceTree = "<group>";
      };
      "OBJ_24" = {
         isa = "PBXFileReference";
         path = "MockingjayTests.swift";
         sourceTree = "<group>";
      };
      "OBJ_25" = {
         isa = "PBXFileReference";
         path = "MockingjayXCTestTests.swift";
         sourceTree = "<group>";
      };
      "OBJ_26" = {
         isa = "PBXGroup";
         children = (
            "OBJ_27"
         );
         name = "Dependencies";
         path = "";
         sourceTree = "<group>";
      };
      "OBJ_27" = {
         isa = "PBXGroup";
         children = (
            "OBJ_28",
            "OBJ_29"
         );
         name = "URITemplate";
         path = ".build/checkouts/URITemplate.swift/Sources";
         sourceTree = "SOURCE_ROOT";
      };
      "OBJ_28" = {
         isa = "PBXFileReference";
         explicitFileType = "sourcecode.swift";
         name = "Package.swift";
         path = "/Users/bvkuijck/Desktop/workspace/forks/Mockingjay/.build/checkouts/URITemplate.swift/Package.swift";
         sourceTree = "<group>";
      };
      "OBJ_29" = {
         isa = "PBXFileReference";
         path = "URITemplate.swift";
         sourceTree = "<group>";
      };
      "OBJ_3" = {
         isa = "XCBuildConfiguration";
         buildSettings = {
            CLANG_ENABLE_OBJC_ARC = "YES";
            COMBINE_HIDPI_IMAGES = "YES";
            COPY_PHASE_STRIP = "NO";
            DEBUG_INFORMATION_FORMAT = "dwarf";
            DYLIB_INSTALL_NAME_BASE = "@rpath";
            ENABLE_NS_ASSERTIONS = "YES";
            GCC_OPTIMIZATION_LEVEL = "0";
            GCC_PREPROCESSOR_DEFINITIONS = (
               "$(inherited)",
               "SWIFT_PACKAGE=1",
               "DEBUG=1"
            );
            MACOSX_DEPLOYMENT_TARGET = "10.10";
            ONLY_ACTIVE_ARCH = "YES";
            OTHER_SWIFT_FLAGS = (
               "$(inherited)",
               "-DXcode"
            );
            PRODUCT_NAME = "$(TARGET_NAME)";
            SDKROOT = "macosx";
            SUPPORTED_PLATFORMS = (
               "macosx",
               "iphoneos",
               "iphonesimulator",
               "appletvos",
               "appletvsimulator",
               "watchos",
               "watchsimulator"
            );
            SWIFT_ACTIVE_COMPILATION_CONDITIONS = (
               "$(inherited)",
               "SWIFT_PACKAGE",
               "DEBUG"
            );
            SWIFT_OPTIMIZATION_LEVEL = "-Onone";
            USE_HEADERMAP = "NO";
         };
         name = "Debug";
      };
      "OBJ_30" = {
         isa = "PBXGroup";
         children = (
            "URITemplate::URITemplate::Product",
            "Mockingjay::MockingjayXCTest::Product",
            "Mockingjay::Mockingjay::Product",
            "Mockingjay::MockingjayTests::Product"
         );
         name = "Products";
         path = "";
         sourceTree = "BUILT_PRODUCTS_DIR";
      };
      "OBJ_35" = {
         isa = "PBXFileReference";
         path = "Configurations";
         sourceTree = "SOURCE_ROOT";
      };
      "OBJ_36" = {
         isa = "PBXFileReference";
         path = "ARCHITECTURE.md";
         sourceTree = "<group>";
      };
      "OBJ_37" = {
         isa = "PBXFileReference";
         path = "Mockingjay.podspec";
         sourceTree = "<group>";
      };
      "OBJ_38" = {
         isa = "PBXFileReference";
         path = "LICENSE";
         sourceTree = "<group>";
      };
      "OBJ_39" = {
         isa = "PBXFileReference";
         path = "CHANGELOG.md";
         sourceTree = "<group>";
      };
      "OBJ_4" = {
         isa = "XCBuildConfiguration";
         buildSettings = {
            CLANG_ENABLE_OBJC_ARC = "YES";
            COMBINE_HIDPI_IMAGES = "YES";
            COPY_PHASE_STRIP = "YES";
            DEBUG_INFORMATION_FORMAT = "dwarf-with-dsym";
            DYLIB_INSTALL_NAME_BASE = "@rpath";
            GCC_OPTIMIZATION_LEVEL = "s";
            GCC_PREPROCESSOR_DEFINITIONS = (
               "$(inherited)",
               "SWIFT_PACKAGE=1"
            );
            MACOSX_DEPLOYMENT_TARGET = "10.10";
            OTHER_SWIFT_FLAGS = (
               "$(inherited)",
               "-DXcode"
            );
            PRODUCT_NAME = "$(TARGET_NAME)";
            SDKROOT = "macosx";
            SUPPORTED_PLATFORMS = (
               "macosx",
               "iphoneos",
               "iphonesimulator",
               "appletvos",
               "appletvsimulator",
               "watchos",
               "watchsimulator"
            );
            SWIFT_ACTIVE_COMPILATION_CONDITIONS = (
               "$(inherited)",
               "SWIFT_PACKAGE"
            );
            SWIFT_OPTIMIZATION_LEVEL = "-Owholemodule";
            USE_HEADERMAP = "NO";
         };
         name = "Release";
      };
      "OBJ_40" = {
         isa = "PBXFileReference";
         path = "README.md";
         sourceTree = "<group>";
      };
      "OBJ_42" = {
         isa = "XCConfigurationList";
         buildConfigurations = (
            "OBJ_43",
            "OBJ_44"
         );
         defaultConfigurationIsVisible = "0";
         defaultConfigurationName = "Release";
      };
      "OBJ_43" = {
         isa = "XCBuildConfiguration";
         buildSettings = {
            ENABLE_TESTABILITY = "YES";
            FRAMEWORK_SEARCH_PATHS = (
               "$(inherited)",
               "$(PLATFORM_DIR)/Developer/Library/Frameworks"
            );
            HEADER_SEARCH_PATHS = (
               "$(inherited)"
            );
            INFOPLIST_FILE = "Mockingjay.xcodeproj/Mockingjay_Info.plist";
            IPHONEOS_DEPLOYMENT_TARGET = "10.0";
            LD_RUNPATH_SEARCH_PATHS = (
               "$(inherited)",
               "$(TOOLCHAIN_DIR)/usr/lib/swift/macosx"
            );
            MACOSX_DEPLOYMENT_TARGET = "10.10";
            OTHER_CFLAGS = (
               "$(inherited)"
            );
            OTHER_LDFLAGS = (
               "$(inherited)"
            );
            OTHER_SWIFT_FLAGS = (
               "$(inherited)"
            );
            PRODUCT_BUNDLE_IDENTIFIER = "Mockingjay";
            PRODUCT_MODULE_NAME = "$(TARGET_NAME:c99extidentifier)";
            PRODUCT_NAME = "$(TARGET_NAME:c99extidentifier)";
            SKIP_INSTALL = "YES";
            SWIFT_ACTIVE_COMPILATION_CONDITIONS = (
               "$(inherited)"
            );
            SWIFT_VERSION = "5.0";
            TARGET_NAME = "Mockingjay";
            TVOS_DEPLOYMENT_TARGET = "10.0";
            WATCHOS_DEPLOYMENT_TARGET = "2.0";
         };
         name = "Debug";
      };
      "OBJ_44" = {
         isa = "XCBuildConfiguration";
         buildSettings = {
            ENABLE_TESTABILITY = "YES";
            FRAMEWORK_SEARCH_PATHS = (
               "$(inherited)",
               "$(PLATFORM_DIR)/Developer/Library/Frameworks"
            );
            HEADER_SEARCH_PATHS = (
               "$(inherited)"
            );
            INFOPLIST_FILE = "Mockingjay.xcodeproj/Mockingjay_Info.plist";
            IPHONEOS_DEPLOYMENT_TARGET = "10.0";
            LD_RUNPATH_SEARCH_PATHS = (
               "$(inherited)",
               "$(TOOLCHAIN_DIR)/usr/lib/swift/macosx"
            );
            MACOSX_DEPLOYMENT_TARGET = "10.10";
            OTHER_CFLAGS = (
               "$(inherited)"
            );
            OTHER_LDFLAGS = (
               "$(inherited)"
            );
            OTHER_SWIFT_FLAGS = (
               "$(inherited)"
            );
            PRODUCT_BUNDLE_IDENTIFIER = "Mockingjay";
            PRODUCT_MODULE_NAME = "$(TARGET_NAME:c99extidentifier)";
            PRODUCT_NAME = "$(TARGET_NAME:c99extidentifier)";
            SKIP_INSTALL = "YES";
            SWIFT_ACTIVE_COMPILATION_CONDITIONS = (
               "$(inherited)"
            );
            SWIFT_VERSION = "5.0";
            TARGET_NAME = "Mockingjay";
            TVOS_DEPLOYMENT_TARGET = "10.0";
            WATCHOS_DEPLOYMENT_TARGET = "2.0";
         };
         name = "Release";
      };
      "OBJ_45" = {
         isa = "PBXSourcesBuildPhase";
         files = (
            "OBJ_46",
            "OBJ_47",
            "OBJ_48",
            "OBJ_49",
            "OBJ_50"
         );
      };
      "OBJ_46" = {
         isa = "PBXBuildFile";
         fileRef = "OBJ_10";
      };
      "OBJ_47" = {
         isa = "PBXBuildFile";
         fileRef = "OBJ_11";
      };
      "OBJ_48" = {
         isa = "PBXBuildFile";
         fileRef = "OBJ_12";
      };
      "OBJ_49" = {
         isa = "PBXBuildFile";
         fileRef = "OBJ_13";
      };
      "OBJ_5" = {
         isa = "PBXGroup";
         children = (
            "OBJ_6",
            "OBJ_7",
            "OBJ_17",
            "OBJ_26",
            "OBJ_30",
            "OBJ_35",
            "OBJ_36",
            "OBJ_37",
            "OBJ_38",
            "OBJ_39",
            "OBJ_40"
         );
         path = "";
         sourceTree = "<group>";
      };
      "OBJ_50" = {
         isa = "PBXBuildFile";
         fileRef = "OBJ_14";
      };
      "OBJ_51" = {
         isa = "PBXFrameworksBuildPhase";
         files = (
            "OBJ_52"
         );
      };
      "OBJ_52" = {
         isa = "PBXBuildFile";
         fileRef = "URITemplate::URITemplate::Product";
      };
      "OBJ_53" = {
         isa = "PBXTargetDependency";
         target = "URITemplate::URITemplate";
      };
      "OBJ_56" = {
         isa = "XCConfigurationList";
         buildConfigurations = (
            "OBJ_57",
            "OBJ_58"
         );
         defaultConfigurationIsVisible = "0";
         defaultConfigurationName = "Release";
      };
      "OBJ_57" = {
         isa = "XCBuildConfiguration";
         buildSettings = {
            LD = "/usr/bin/true";
            OTHER_SWIFT_FLAGS = (
               "-swift-version",
               "5",
               "-I",
               "$(TOOLCHAIN_DIR)/usr/lib/swift/pm/4_2",
               "-target",
               "x86_64-apple-macosx10.10",
               "-sdk",
               "/Applications/Xcode.app/Contents/Developer/Platforms/MacOSX.platform/Developer/SDKs/MacOSX10.15.sdk",
               "-package-description-version",
               "5"
            );
            SWIFT_VERSION = "5.0";
         };
         name = "Debug";
      };
      "OBJ_58" = {
         isa = "XCBuildConfiguration";
         buildSettings = {
            LD = "/usr/bin/true";
            OTHER_SWIFT_FLAGS = (
               "-swift-version",
               "5",
               "-I",
               "$(TOOLCHAIN_DIR)/usr/lib/swift/pm/4_2",
               "-target",
               "x86_64-apple-macosx10.10",
               "-sdk",
               "/Applications/Xcode.app/Contents/Developer/Platforms/MacOSX.platform/Developer/SDKs/MacOSX10.15.sdk",
               "-package-description-version",
               "5"
            );
            SWIFT_VERSION = "5.0";
         };
         name = "Release";
      };
      "OBJ_59" = {
         isa = "PBXSourcesBuildPhase";
         files = (
            "OBJ_60"
         );
      };
      "OBJ_6" = {
         isa = "PBXFileReference";
         explicitFileType = "sourcecode.swift";
         path = "Package.swift";
         sourceTree = "<group>";
      };
      "OBJ_60" = {
         isa = "PBXBuildFile";
         fileRef = "OBJ_6";
      };
      "OBJ_62" = {
         isa = "XCConfigurationList";
         buildConfigurations = (
            "OBJ_63",
            "OBJ_64"
         );
         defaultConfigurationIsVisible = "0";
         defaultConfigurationName = "Release";
      };
      "OBJ_63" = {
         isa = "XCBuildConfiguration";
         buildSettings = {
         };
         name = "Debug";
      };
      "OBJ_64" = {
         isa = "XCBuildConfiguration";
         buildSettings = {
         };
         name = "Release";
      };
      "OBJ_65" = {
         isa = "PBXTargetDependency";
         target = "Mockingjay::MockingjayTests";
      };
      "OBJ_67" = {
         isa = "XCConfigurationList";
         buildConfigurations = (
            "OBJ_68",
            "OBJ_69"
         );
         defaultConfigurationIsVisible = "0";
         defaultConfigurationName = "Release";
      };
      "OBJ_68" = {
         isa = "XCBuildConfiguration";
         buildSettings = {
            CLANG_ENABLE_MODULES = "YES";
            EMBEDDED_CONTENT_CONTAINS_SWIFT = "YES";
            FRAMEWORK_SEARCH_PATHS = (
               "$(inherited)",
               "$(PLATFORM_DIR)/Developer/Library/Frameworks"
            );
            HEADER_SEARCH_PATHS = (
               "$(inherited)"
            );
            INFOPLIST_FILE = "Mockingjay.xcodeproj/MockingjayTests_Info.plist";
            IPHONEOS_DEPLOYMENT_TARGET = "10.0";
            LD_RUNPATH_SEARCH_PATHS = (
               "$(inherited)",
               "@loader_path/../Frameworks",
               "@loader_path/Frameworks"
            );
            MACOSX_DEPLOYMENT_TARGET = "10.10";
            OTHER_CFLAGS = (
               "$(inherited)"
            );
            OTHER_LDFLAGS = (
               "$(inherited)"
            );
            OTHER_SWIFT_FLAGS = (
               "$(inherited)"
            );
            SWIFT_ACTIVE_COMPILATION_CONDITIONS = (
               "$(inherited)"
            );
            SWIFT_VERSION = "5.0";
            TARGET_NAME = "MockingjayTests";
            TVOS_DEPLOYMENT_TARGET = "10.0";
            WATCHOS_DEPLOYMENT_TARGET = "2.0";
         };
         name = "Debug";
      };
      "OBJ_69" = {
         isa = "XCBuildConfiguration";
         buildSettings = {
            CLANG_ENABLE_MODULES = "YES";
            EMBEDDED_CONTENT_CONTAINS_SWIFT = "YES";
            FRAMEWORK_SEARCH_PATHS = (
               "$(inherited)",
               "$(PLATFORM_DIR)/Developer/Library/Frameworks"
            );
            HEADER_SEARCH_PATHS = (
               "$(inherited)"
            );
            INFOPLIST_FILE = "Mockingjay.xcodeproj/MockingjayTests_Info.plist";
            IPHONEOS_DEPLOYMENT_TARGET = "10.0";
            LD_RUNPATH_SEARCH_PATHS = (
               "$(inherited)",
               "@loader_path/../Frameworks",
               "@loader_path/Frameworks"
            );
            MACOSX_DEPLOYMENT_TARGET = "10.10";
            OTHER_CFLAGS = (
               "$(inherited)"
            );
            OTHER_LDFLAGS = (
               "$(inherited)"
            );
            OTHER_SWIFT_FLAGS = (
               "$(inherited)"
            );
            SWIFT_ACTIVE_COMPILATION_CONDITIONS = (
               "$(inherited)"
            );
            SWIFT_VERSION = "5.0";
            TARGET_NAME = "MockingjayTests";
            TVOS_DEPLOYMENT_TARGET = "10.0";
            WATCHOS_DEPLOYMENT_TARGET = "2.0";
         };
         name = "Release";
      };
      "OBJ_7" = {
         isa = "PBXGroup";
         children = (
            "OBJ_8",
            "OBJ_15"
         );
         name = "Sources";
         path = "";
         sourceTree = "SOURCE_ROOT";
      };
      "OBJ_70" = {
         isa = "PBXSourcesBuildPhase";
         files = (
            "OBJ_71",
            "OBJ_72",
            "OBJ_73",
            "OBJ_74",
            "OBJ_75",
            "OBJ_76"
         );
      };
      "OBJ_71" = {
         isa = "PBXBuildFile";
         fileRef = "OBJ_20";
      };
      "OBJ_72" = {
         isa = "PBXBuildFile";
         fileRef = "OBJ_21";
      };
      "OBJ_73" = {
         isa = "PBXBuildFile";
         fileRef = "OBJ_22";
      };
      "OBJ_74" = {
         isa = "PBXBuildFile";
         fileRef = "OBJ_23";
      };
      "OBJ_75" = {
         isa = "PBXBuildFile";
         fileRef = "OBJ_24";
      };
      "OBJ_76" = {
         isa = "PBXBuildFile";
         fileRef = "OBJ_25";
      };
      "OBJ_77" = {
         isa = "PBXFrameworksBuildPhase";
         files = (
            "OBJ_78",
            "OBJ_79",
            "OBJ_80"
         );
      };
      "OBJ_78" = {
         isa = "PBXBuildFile";
         fileRef = "Mockingjay::MockingjayXCTest::Product";
      };
      "OBJ_79" = {
         isa = "PBXBuildFile";
         fileRef = "Mockingjay::Mockingjay::Product";
      };
      "OBJ_8" = {
         isa = "PBXGroup";
         children = (
            "OBJ_9",
            "OBJ_10",
            "OBJ_11",
            "OBJ_12",
            "OBJ_13",
            "OBJ_14"
         );
         name = "Mockingjay";
         path = "Sources/Core";
         sourceTree = "SOURCE_ROOT";
      };
      "OBJ_80" = {
         isa = "PBXBuildFile";
         fileRef = "URITemplate::URITemplate::Product";
      };
      "OBJ_81" = {
         isa = "PBXTargetDependency";
         target = "Mockingjay::MockingjayXCTest";
      };
      "OBJ_83" = {
         isa = "PBXTargetDependency";
         target = "Mockingjay::Mockingjay";
      };
      "OBJ_84" = {
         isa = "PBXTargetDependency";
         target = "URITemplate::URITemplate";
      };
      "OBJ_85" = {
         isa = "XCConfigurationList";
         buildConfigurations = (
            "OBJ_86",
            "OBJ_87"
         );
         defaultConfigurationIsVisible = "0";
         defaultConfigurationName = "Release";
      };
      "OBJ_86" = {
         isa = "XCBuildConfiguration";
         buildSettings = {
            ENABLE_TESTABILITY = "YES";
            FRAMEWORK_SEARCH_PATHS = (
               "$(inherited)",
               "$(PLATFORM_DIR)/Developer/Library/Frameworks"
            );
            HEADER_SEARCH_PATHS = (
               "$(inherited)"
            );
            INFOPLIST_FILE = "Mockingjay.xcodeproj/MockingjayXCTest_Info.plist";
            IPHONEOS_DEPLOYMENT_TARGET = "10.0";
            LD_RUNPATH_SEARCH_PATHS = (
               "$(inherited)",
               "$(TOOLCHAIN_DIR)/usr/lib/swift/macosx"
            );
            MACOSX_DEPLOYMENT_TARGET = "10.10";
            OTHER_CFLAGS = (
               "$(inherited)"
            );
            OTHER_LDFLAGS = (
               "$(inherited)"
            );
            OTHER_SWIFT_FLAGS = (
               "$(inherited)"
            );
            PRODUCT_BUNDLE_IDENTIFIER = "MockingjayXCTest";
            PRODUCT_MODULE_NAME = "$(TARGET_NAME:c99extidentifier)";
            PRODUCT_NAME = "$(TARGET_NAME:c99extidentifier)";
            SKIP_INSTALL = "YES";
            SWIFT_ACTIVE_COMPILATION_CONDITIONS = (
               "$(inherited)"
            );
            SWIFT_VERSION = "5.0";
            TARGET_NAME = "MockingjayXCTest";
            TVOS_DEPLOYMENT_TARGET = "10.0";
            WATCHOS_DEPLOYMENT_TARGET = "2.0";
         };
         name = "Debug";
      };
      "OBJ_87" = {
         isa = "XCBuildConfiguration";
         buildSettings = {
            ENABLE_TESTABILITY = "YES";
            FRAMEWORK_SEARCH_PATHS = (
               "$(inherited)",
               "$(PLATFORM_DIR)/Developer/Library/Frameworks"
            );
            HEADER_SEARCH_PATHS = (
               "$(inherited)"
            );
            INFOPLIST_FILE = "Mockingjay.xcodeproj/MockingjayXCTest_Info.plist";
            IPHONEOS_DEPLOYMENT_TARGET = "10.0";
            LD_RUNPATH_SEARCH_PATHS = (
               "$(inherited)",
               "$(TOOLCHAIN_DIR)/usr/lib/swift/macosx"
            );
            MACOSX_DEPLOYMENT_TARGET = "10.10";
            OTHER_CFLAGS = (
               "$(inherited)"
            );
            OTHER_LDFLAGS = (
               "$(inherited)"
            );
            OTHER_SWIFT_FLAGS = (
               "$(inherited)"
            );
            PRODUCT_BUNDLE_IDENTIFIER = "MockingjayXCTest";
            PRODUCT_MODULE_NAME = "$(TARGET_NAME:c99extidentifier)";
            PRODUCT_NAME = "$(TARGET_NAME:c99extidentifier)";
            SKIP_INSTALL = "YES";
            SWIFT_ACTIVE_COMPILATION_CONDITIONS = (
               "$(inherited)"
            );
            SWIFT_VERSION = "5.0";
            TARGET_NAME = "MockingjayXCTest";
            TVOS_DEPLOYMENT_TARGET = "10.0";
            WATCHOS_DEPLOYMENT_TARGET = "2.0";
         };
         name = "Release";
      };
      "OBJ_88" = {
         isa = "PBXSourcesBuildPhase";
         files = (
            "OBJ_89"
         );
      };
      "OBJ_89" = {
         isa = "PBXBuildFile";
         fileRef = "OBJ_16";
      };
      "OBJ_9" = {
         isa = "PBXFileReference";
         path = "Mockingjay.h";
         sourceTree = "<group>";
      };
      "OBJ_90" = {
         isa = "PBXFrameworksBuildPhase";
         files = (
            "OBJ_91",
            "OBJ_92"
         );
      };
      "OBJ_91" = {
         isa = "PBXBuildFile";
         fileRef = "Mockingjay::Mockingjay::Product";
      };
      "OBJ_92" = {
         isa = "PBXBuildFile";
         fileRef = "URITemplate::URITemplate::Product";
      };
      "OBJ_93" = {
         isa = "PBXTargetDependency";
         target = "Mockingjay::Mockingjay";
      };
      "OBJ_94" = {
         isa = "PBXTargetDependency";
         target = "URITemplate::URITemplate";
      };
      "OBJ_95" = {
         isa = "XCConfigurationList";
         buildConfigurations = (
            "OBJ_96",
            "OBJ_97"
         );
         defaultConfigurationIsVisible = "0";
         defaultConfigurationName = "Release";
      };
      "OBJ_96" = {
         isa = "XCBuildConfiguration";
         buildSettings = {
            ENABLE_TESTABILITY = "YES";
            FRAMEWORK_SEARCH_PATHS = (
               "$(inherited)",
               "$(PLATFORM_DIR)/Developer/Library/Frameworks"
            );
            HEADER_SEARCH_PATHS = (
               "$(inherited)"
            );
            INFOPLIST_FILE = "Mockingjay.xcodeproj/URITemplate_Info.plist";
            IPHONEOS_DEPLOYMENT_TARGET = "9.0";
            LD_RUNPATH_SEARCH_PATHS = (
               "$(inherited)",
               "$(TOOLCHAIN_DIR)/usr/lib/swift/macosx"
            );
            MACOSX_DEPLOYMENT_TARGET = "10.10";
            OTHER_CFLAGS = (
               "$(inherited)"
            );
            OTHER_LDFLAGS = (
               "$(inherited)"
            );
            OTHER_SWIFT_FLAGS = (
               "$(inherited)"
            );
            PRODUCT_BUNDLE_IDENTIFIER = "URITemplate";
            PRODUCT_MODULE_NAME = "$(TARGET_NAME:c99extidentifier)";
            PRODUCT_NAME = "$(TARGET_NAME:c99extidentifier)";
            SKIP_INSTALL = "YES";
            SWIFT_ACTIVE_COMPILATION_CONDITIONS = (
               "$(inherited)"
            );
            SWIFT_VERSION = "5.0";
            TARGET_NAME = "URITemplate";
            TVOS_DEPLOYMENT_TARGET = "10.0";
            WATCHOS_DEPLOYMENT_TARGET = "3.0";
         };
         name = "Debug";
      };
      "OBJ_97" = {
         isa = "XCBuildConfiguration";
         buildSettings = {
            ENABLE_TESTABILITY = "YES";
            FRAMEWORK_SEARCH_PATHS = (
               "$(inherited)",
               "$(PLATFORM_DIR)/Developer/Library/Frameworks"
            );
            HEADER_SEARCH_PATHS = (
               "$(inherited)"
            );
            INFOPLIST_FILE = "Mockingjay.xcodeproj/URITemplate_Info.plist";
            IPHONEOS_DEPLOYMENT_TARGET = "9.0";
            LD_RUNPATH_SEARCH_PATHS = (
               "$(inherited)",
               "$(TOOLCHAIN_DIR)/usr/lib/swift/macosx"
            );
            MACOSX_DEPLOYMENT_TARGET = "10.10";
            OTHER_CFLAGS = (
               "$(inherited)"
            );
            OTHER_LDFLAGS = (
               "$(inherited)"
            );
            OTHER_SWIFT_FLAGS = (
               "$(inherited)"
            );
            PRODUCT_BUNDLE_IDENTIFIER = "URITemplate";
            PRODUCT_MODULE_NAME = "$(TARGET_NAME:c99extidentifier)";
            PRODUCT_NAME = "$(TARGET_NAME:c99extidentifier)";
            SKIP_INSTALL = "YES";
            SWIFT_ACTIVE_COMPILATION_CONDITIONS = (
               "$(inherited)"
            );
            SWIFT_VERSION = "5.0";
            TARGET_NAME = "URITemplate";
            TVOS_DEPLOYMENT_TARGET = "10.0";
            WATCHOS_DEPLOYMENT_TARGET = "3.0";
         };
         name = "Release";
      };
      "OBJ_98" = {
         isa = "PBXSourcesBuildPhase";
         files = (
            "OBJ_99"
         );
      };
      "OBJ_99" = {
         isa = "PBXBuildFile";
         fileRef = "OBJ_29";
      };
      "URITemplate::SwiftPMPackageDescription" = {
         isa = "PBXNativeTarget";
         buildConfigurationList = "OBJ_102";
         buildPhases = (
            "OBJ_105"
         );
         dependencies = (
         );
         name = "URITemplatePackageDescription";
         productName = "URITemplatePackageDescription";
         productType = "com.apple.product-type.framework";
      };
      "URITemplate::URITemplate" = {
         isa = "PBXNativeTarget";
         buildConfigurationList = "OBJ_95";
         buildPhases = (
            "OBJ_98",
            "OBJ_100"
         );
         dependencies = (
         );
         name = "URITemplate";
         productName = "URITemplate";
         productReference = "URITemplate::URITemplate::Product";
         productType = "com.apple.product-type.framework";
      };
      "URITemplate::URITemplate::Product" = {
         isa = "PBXFileReference";
         path = "URITemplate.framework";
         sourceTree = "BUILT_PRODUCTS_DIR";
      };
   };
   rootObject = "OBJ_1";
}
